{
  "pins" : [
    {
      "identity" : "dependencies",
      "kind" : "remoteSourceControl",
      "location" : "https://github.com/nxnam/Dependencies",
      "state" : {
        "branch" : "main",
        "revision" : "7700c0b0ddc4df184af825be8fc7dbff225ebfee"
      }
    },
    {
      "identity" : "following",
      "kind" : "remoteSourceControl",
      "location" : "https://github.com/nxnam/Following",
      "state" : {
        "branch" : "main",
        "revision" : "7912f014a8956dfbf0514aed79d945beaf65d54e"
      }
    },
    {
      "identity" : "home",
      "kind" : "remoteSourceControl",
      "location" : "https://github.com/nxnam/Home",
      "state" : {
        "branch" : "main",
        "revision" : "b693e8fc32d017a49c4b323356ca2223be3359ba"
      }
    },
    {
      "identity" : "main",
      "kind" : "remoteSourceControl",
      "location" : "https://github.com/nxnam/Main",
      "state" : {
        "branch" : "main",
        "revision" : "694d78df2ced66c035fac1fd1917e3078b733ec5"
      }
    },
    {
      "identity" : "personal",
      "kind" : "remoteSourceControl",
      "location" : "https://github.com/nxnam/Personal",
      "state" : {
        "branch" : "main",
        "revision" : "11153802b36981a3b4303f5017b11ef18c391f88"
      }
    },
    {
      "identity" : "ribs",
      "kind" : "remoteSourceControl",
      "location" : "https://github.com/uber/RIBs",
      "state" : {
        "branch" : "main",
        "revision" : "d30ffb7b5bc8012b8dcf7a0e79b875a699b525af"
      }
    },
    {
      "identity" : "rxswift",
      "kind" : "remoteSourceControl",
      "location" : "https://github.com/ReactiveX/RxSwift",
      "state" : {
        "revision" : "b4307ba0b6425c0ba4178e138799946c3da594f8",
        "version" : "6.5.0"
      }
    },
    {
      "identity" : "utils",
      "kind" : "remoteSourceControl",
      "location" : "https://github.com/nxnam/Utils",
      "state" : {
        "branch" : "main",
        "revision" : "e39e2a6b44edfa330c668c4bd5ccd5a8db75bf6b"
      }
    }
  ],
  "version" : 2
}
